
Microsoft Visual Studio Solution File, Format Version 12.00
# Visual Studio Version 17
VisualStudioVersion = 17.0.31919.166
MinimumVisualStudioVersion = 10.0.40219.1
Project("{9A19103F-16F7-4668-BE54-9A1E7A4F7556}") = "FileUploadApi", "FileUploadApi\FileUploadApi.csproj", "{C98823F6-3DAB-4911-88C6-2CCAC7E398B4}"
EndProject
Project("{9A19103F-16F7-4668-BE54-9A1E7A4F7556}") = "FileProcessorWorker", "FileProcessorWorker\FileProcessorWorker.csproj", "{ACA3BBD6-F15E-4320-B63F-E795979C7840}"
EndProject
Global
	GlobalSection(SolutionConfigurationPlatforms) = preSolution
		Debug|Any CPU = Debug|Any CPU
		Release|Any CPU = Release|Any CPU
	EndGlobalSection
	GlobalSection(ProjectConfigurationPlatforms) = postSolution
		{C98823F6-3DAB-4911-88C6-2CCAC7E398B4}.Debug|Any CPU.ActiveCfg = Debug|Any CPU
		{C98823F6-3DAB-4911-88C6-2CCAC7E398B4}.Debug|Any CPU.Build.0 = Debug|Any CPU
		{C98823F6-3DAB-4911-88C6-2CCAC7E398B4}.Release|Any CPU.ActiveCfg = Release|Any CPU
		{C98823F6-3DAB-4911-88C6-2CCAC7E398B4}.Release|Any CPU.Build.0 = Release|Any CPU
		{ACA3BBD6-F15E-4320-B63F-E795979C7840}.Debug|Any CPU.ActiveCfg = Debug|Any CPU
		{ACA3BBD6-F15E-4320-B63F-E795979C7840}.Debug|Any CPU.Build.0 = Debug|Any CPU
		{ACA3BBD6-F15E-4320-B63F-E795979C7840}.Release|Any CPU.ActiveCfg = Release|Any CPU
		{ACA3BBD6-F15E-4320-B63F-E795979C7840}.Release|Any CPU.Build.0 = Release|Any CPU
	EndGlobalSection
	GlobalSection(SolutionProperties) = preSolution
		HideSolutionNode = FALSE
	EndGlobalSection
	GlobalSection(ExtensibilityGlobals) = postSolution
		SolutionGuid = {A758CE41-19ED-4C35-A746-C58FE1981966}
	EndGlobalSection
EndGlobal
