
Microsoft Visual Studio Solution File, Format Version 12.00
# Visual Studio Version 16
VisualStudioVersion = 16.0.30114.105
MinimumVisualStudioVersion = 10.0.40219.1
Project("{FAE04EC0-301F-11D3-BF4B-00C04F79EFBC}") = "FileProcessorConsoleApp", "FileProcessorConsoleApp\FileProcessorConsoleApp.csproj", "{622C96D2-86D5-41E9-9A82-54AC2443247E}"
EndProject
Project("{FAE04EC0-301F-11D3-BF4B-00C04F79EFBC}") = "FileUploadApi", "FileUploadApi\FileUploadApi.csproj", "{C98823F6-3DAB-4911-88C6-2CCAC7E398B4}"
EndProject
Project("{FAE04EC0-301F-11D3-BF4B-00C04F79EFBC}") = "FileProcessorWorker", "FileProcessorWorker\FileProcessorWorker.csproj", "{ACA3BBD6-F15E-4320-B63F-E795979C7840}"
EndProject
Global
	GlobalSection(SolutionConfigurationPlatforms) = preSolution
		Debug|Any CPU = Debug|Any CPU
		Release|Any CPU = Release|Any CPU
	EndGlobalSection
	GlobalSection(SolutionProperties) = preSolution
		HideSolutionNode = FALSE
	EndGlobalSection
	GlobalSection(ProjectConfigurationPlatforms) = postSolution
		{622C96D2-86D5-41E9-9A82-54AC2443247E}.Debug|Any CPU.ActiveCfg = Debug|Any CPU
		{622C96D2-86D5-41E9-9A82-54AC2443247E}.Debug|Any CPU.Build.0 = Debug|Any CPU
		{622C96D2-86D5-41E9-9A82-54AC2443247E}.Release|Any CPU.ActiveCfg = Release|Any CPU
		{622C96D2-86D5-41E9-9A82-54AC2443247E}.Release|Any CPU.Build.0 = Release|Any CPU
		{C98823F6-3DAB-4911-88C6-2CCAC7E398B4}.Debug|Any CPU.ActiveCfg = Debug|Any CPU
		{C98823F6-3DAB-4911-88C6-2CCAC7E398B4}.Debug|Any CPU.Build.0 = Debug|Any CPU
		{C98823F6-3DAB-4911-88C6-2CCAC7E398B4}.Release|Any CPU.ActiveCfg = Release|Any CPU
		{C98823F6-3DAB-4911-88C6-2CCAC7E398B4}.Release|Any CPU.Build.0 = Release|Any CPU
		{ACA3BBD6-F15E-4320-B63F-E795979C7840}.Debug|Any CPU.ActiveCfg = Debug|Any CPU
		{ACA3BBD6-F15E-4320-B63F-E795979C7840}.Debug|Any CPU.Build.0 = Debug|Any CPU
		{ACA3BBD6-F15E-4320-B63F-E795979C7840}.Release|Any CPU.ActiveCfg = Release|Any CPU
		{ACA3BBD6-F15E-4320-B63F-E795979C7840}.Release|Any CPU.Build.0 = Release|Any CPU
	EndGlobalSection
EndGlobal
